
Microsoft Visual Studio Solution File, Format Version 12.00
# Visual Studio 15
VisualStudioVersion = 15.0.27130.2003
MinimumVisualStudioVersion = 10.0.40219.1
Project("{FAE04EC0-301F-11D3-BF4B-00C04F79EFBC}") = "DialogFlow.Sdk", "DialogFlow.Sdk\DialogFlow.Sdk.csproj", "{3876B241-1B9F-4EB6-895F-C14BC0D066E1}"
EndProject
Project("{FAE04EC0-301F-11D3-BF4B-00C04F79EFBC}") = "Jobber.Sdk", "Jobber.Sdk\Jobber.Sdk.csproj", "{B63E312B-B3DD-4555-9949-B2577D19F299}"
EndProject
Project("{FAE04EC0-301F-11D3-BF4B-00C04F79EFBC}") = "Assistant", "Assistant.Sdk\Assistant.Sdk.csproj", "{CC93D4D7-4B83-4BE8-B411-F85F2DF3D545}"
EndProject
Project("{FAE04EC0-301F-11D3-BF4B-00C04F79EFBC}") = "Jobber.SmartAssistant", "Jobber.SmartAssistant\Jobber.SmartAssistant.csproj", "{5CCA2CF6-3CF4-427E-B74E-3B3447C1A56A}"
EndProject
Project("{FAE04EC0-301F-11D3-BF4B-00C04F79EFBC}") = "DialogFlow.Sdk.Tests", "DialogFlow.Sdk.Tests\DialogFlow.Sdk.Tests.csproj", "{D7D54EB1-C8E7-4A40-8F22-DFB28418957E}"
EndProject
Project("{FAE04EC0-301F-11D3-BF4B-00C04F79EFBC}") = "Jobber.SmartAssistant.Tests", "Jobber.SmartAssistant.Tests\Jobber.SmartAssistant.Tests.csproj", "{F511BCE4-94C3-4183-AD4A-98A2E4AAE257}"
EndProject
Global
	GlobalSection(SolutionConfigurationPlatforms) = preSolution
		Debug|Any CPU = Debug|Any CPU
		Release|Any CPU = Release|Any CPU
	EndGlobalSection
	GlobalSection(ProjectConfigurationPlatforms) = postSolution
		{3876B241-1B9F-4EB6-895F-C14BC0D066E1}.Debug|Any CPU.ActiveCfg = Debug|Any CPU
		{3876B241-1B9F-4EB6-895F-C14BC0D066E1}.Debug|Any CPU.Build.0 = Debug|Any CPU
		{3876B241-1B9F-4EB6-895F-C14BC0D066E1}.Release|Any CPU.ActiveCfg = Release|Any CPU
		{3876B241-1B9F-4EB6-895F-C14BC0D066E1}.Release|Any CPU.Build.0 = Release|Any CPU
		{B63E312B-B3DD-4555-9949-B2577D19F299}.Debug|Any CPU.ActiveCfg = Debug|Any CPU
		{B63E312B-B3DD-4555-9949-B2577D19F299}.Debug|Any CPU.Build.0 = Debug|Any CPU
		{B63E312B-B3DD-4555-9949-B2577D19F299}.Release|Any CPU.ActiveCfg = Release|Any CPU
		{B63E312B-B3DD-4555-9949-B2577D19F299}.Release|Any CPU.Build.0 = Release|Any CPU
		{CC93D4D7-4B83-4BE8-B411-F85F2DF3D545}.Debug|Any CPU.ActiveCfg = Debug|Any CPU
		{CC93D4D7-4B83-4BE8-B411-F85F2DF3D545}.Debug|Any CPU.Build.0 = Debug|Any CPU
		{CC93D4D7-4B83-4BE8-B411-F85F2DF3D545}.Release|Any CPU.ActiveCfg = Release|Any CPU
		{CC93D4D7-4B83-4BE8-B411-F85F2DF3D545}.Release|Any CPU.Build.0 = Release|Any CPU
		{5CCA2CF6-3CF4-427E-B74E-3B3447C1A56A}.Debug|Any CPU.ActiveCfg = Debug|Any CPU
		{5CCA2CF6-3CF4-427E-B74E-3B3447C1A56A}.Debug|Any CPU.Build.0 = Debug|Any CPU
		{5CCA2CF6-3CF4-427E-B74E-3B3447C1A56A}.Release|Any CPU.ActiveCfg = Release|Any CPU
		{5CCA2CF6-3CF4-427E-B74E-3B3447C1A56A}.Release|Any CPU.Build.0 = Release|Any CPU
		{D7D54EB1-C8E7-4A40-8F22-DFB28418957E}.Debug|Any CPU.ActiveCfg = Debug|Any CPU
		{D7D54EB1-C8E7-4A40-8F22-DFB28418957E}.Debug|Any CPU.Build.0 = Debug|Any CPU
		{D7D54EB1-C8E7-4A40-8F22-DFB28418957E}.Release|Any CPU.ActiveCfg = Release|Any CPU
		{D7D54EB1-C8E7-4A40-8F22-DFB28418957E}.Release|Any CPU.Build.0 = Release|Any CPU
		{F511BCE4-94C3-4183-AD4A-98A2E4AAE257}.Debug|Any CPU.ActiveCfg = Debug|Any CPU
		{F511BCE4-94C3-4183-AD4A-98A2E4AAE257}.Debug|Any CPU.Build.0 = Debug|Any CPU
		{F511BCE4-94C3-4183-AD4A-98A2E4AAE257}.Release|Any CPU.ActiveCfg = Release|Any CPU
		{F511BCE4-94C3-4183-AD4A-98A2E4AAE257}.Release|Any CPU.Build.0 = Release|Any CPU
	EndGlobalSection
	GlobalSection(SolutionProperties) = preSolution
		HideSolutionNode = FALSE
	EndGlobalSection
	GlobalSection(ExtensibilityGlobals) = postSolution
		SolutionGuid = {A6AA8594-D406-47C5-A236-321FBBBC2010}
	EndGlobalSection
EndGlobal
